
Microsoft Visual Studio Solution File, Format Version 12.00
# Visual Studio Version 17
VisualStudioVersion = 17.6.33723.286
MinimumVisualStudioVersion = 10.0.40219.1
Project("{FAE04EC0-301F-11D3-BF4B-00C04F79EFBC}") = "WebDemo", "WebDemo\WebDemo.csproj", "{C0A868D4-2C6E-4C39-9D3A-CC7CD4881BDC}"
EndProject
Project("{FAE04EC0-301F-11D3-BF4B-00C04F79EFBC}") = "WebDemo_Data", "WebDemo_Data\WebDemo_Data.csproj", "{22596033-760D-4768-A008-982179F5A08C}"
EndProject
Project("{FAE04EC0-301F-11D3-BF4B-00C04F79EFBC}") = "WebDemo_Common", "WebDemo_Common\WebDemo_Common.csproj", "{DAFC4216-3D40-4E4B-A223-BF582607E43F}"
EndProject
Project("{FAE04EC0-301F-11D3-BF4B-00C04F79EFBC}") = "WebDemo_Model", "WebDemo_Repository\WebDemo_Model.csproj", "{3C2D8133-F82D-4D91-BBC7-7B79BDDFDCC0}"
EndProject
Project("{FAE04EC0-301F-11D3-BF4B-00C04F79EFBC}") = "WebDemo_Services", "WebDemo_Services\WebDemo_Services.csproj", "{E9F301AA-6944-4BB6-853A-E97D7828226A}"
EndProject
Global
	GlobalSection(SolutionConfigurationPlatforms) = preSolution
		Debug|Any CPU = Debug|Any CPU
		Release|Any CPU = Release|Any CPU
	EndGlobalSection
	GlobalSection(ProjectConfigurationPlatforms) = postSolution
		{C0A868D4-2C6E-4C39-9D3A-CC7CD4881BDC}.Debug|Any CPU.ActiveCfg = Debug|Any CPU
		{C0A868D4-2C6E-4C39-9D3A-CC7CD4881BDC}.Debug|Any CPU.Build.0 = Debug|Any CPU
		{C0A868D4-2C6E-4C39-9D3A-CC7CD4881BDC}.Release|Any CPU.ActiveCfg = Release|Any CPU
		{C0A868D4-2C6E-4C39-9D3A-CC7CD4881BDC}.Release|Any CPU.Build.0 = Release|Any CPU
		{22596033-760D-4768-A008-982179F5A08C}.Debug|Any CPU.ActiveCfg = Debug|Any CPU
		{22596033-760D-4768-A008-982179F5A08C}.Debug|Any CPU.Build.0 = Debug|Any CPU
		{22596033-760D-4768-A008-982179F5A08C}.Release|Any CPU.ActiveCfg = Release|Any CPU
		{22596033-760D-4768-A008-982179F5A08C}.Release|Any CPU.Build.0 = Release|Any CPU
		{DAFC4216-3D40-4E4B-A223-BF582607E43F}.Debug|Any CPU.ActiveCfg = Debug|Any CPU
		{DAFC4216-3D40-4E4B-A223-BF582607E43F}.Debug|Any CPU.Build.0 = Debug|Any CPU
		{DAFC4216-3D40-4E4B-A223-BF582607E43F}.Release|Any CPU.ActiveCfg = Release|Any CPU
		{DAFC4216-3D40-4E4B-A223-BF582607E43F}.Release|Any CPU.Build.0 = Release|Any CPU
		{3C2D8133-F82D-4D91-BBC7-7B79BDDFDCC0}.Debug|Any CPU.ActiveCfg = Debug|Any CPU
		{3C2D8133-F82D-4D91-BBC7-7B79BDDFDCC0}.Debug|Any CPU.Build.0 = Debug|Any CPU
		{3C2D8133-F82D-4D91-BBC7-7B79BDDFDCC0}.Release|Any CPU.ActiveCfg = Release|Any CPU
		{3C2D8133-F82D-4D91-BBC7-7B79BDDFDCC0}.Release|Any CPU.Build.0 = Release|Any CPU
		{E9F301AA-6944-4BB6-853A-E97D7828226A}.Debug|Any CPU.ActiveCfg = Debug|Any CPU
		{E9F301AA-6944-4BB6-853A-E97D7828226A}.Debug|Any CPU.Build.0 = Debug|Any CPU
		{E9F301AA-6944-4BB6-853A-E97D7828226A}.Release|Any CPU.ActiveCfg = Release|Any CPU
		{E9F301AA-6944-4BB6-853A-E97D7828226A}.Release|Any CPU.Build.0 = Release|Any CPU
	EndGlobalSection
	GlobalSection(SolutionProperties) = preSolution
		HideSolutionNode = FALSE
	EndGlobalSection
	GlobalSection(ExtensibilityGlobals) = postSolution
		SolutionGuid = {57739BC9-8268-492B-9C1D-966D982F6D1E}
	EndGlobalSection
EndGlobal
