
Microsoft Visual Studio Solution File, Format Version 12.00
# Visual Studio Version 17
VisualStudioVersion = 17.6.33723.286
MinimumVisualStudioVersion = 10.0.40219.1
Project("{FAE04EC0-301F-11D3-BF4B-00C04F79EFBC}") = "Ad0Demo", "Ad0Demo\Ad0Demo.csproj", "{0BF6B05D-235A-4F25-848E-A9387A073360}"
EndProject
Project("{FAE04EC0-301F-11D3-BF4B-00C04F79EFBC}") = "Adodemo_Model", "Adodemo_Model\Adodemo_Model.csproj", "{36293002-5765-47D0-B980-F8BA5825EEC0}"
EndProject
Project("{FAE04EC0-301F-11D3-BF4B-00C04F79EFBC}") = "Adodemo_Repositry", "Adodemo_Repositry\Adodemo_Repositry.csproj", "{D9607C4E-9C02-4FDA-A8C0-EBB794D40916}"
EndProject
Global
	GlobalSection(SolutionConfigurationPlatforms) = preSolution
		Debug|Any CPU = Debug|Any CPU
		Release|Any CPU = Release|Any CPU
	EndGlobalSection
	GlobalSection(ProjectConfigurationPlatforms) = postSolution
		{0BF6B05D-235A-4F25-848E-A9387A073360}.Debug|Any CPU.ActiveCfg = Debug|Any CPU
		{0BF6B05D-235A-4F25-848E-A9387A073360}.Debug|Any CPU.Build.0 = Debug|Any CPU
		{0BF6B05D-235A-4F25-848E-A9387A073360}.Release|Any CPU.ActiveCfg = Release|Any CPU
		{0BF6B05D-235A-4F25-848E-A9387A073360}.Release|Any CPU.Build.0 = Release|Any CPU
		{36293002-5765-47D0-B980-F8BA5825EEC0}.Debug|Any CPU.ActiveCfg = Debug|Any CPU
		{36293002-5765-47D0-B980-F8BA5825EEC0}.Debug|Any CPU.Build.0 = Debug|Any CPU
		{36293002-5765-47D0-B980-F8BA5825EEC0}.Release|Any CPU.ActiveCfg = Release|Any CPU
		{36293002-5765-47D0-B980-F8BA5825EEC0}.Release|Any CPU.Build.0 = Release|Any CPU
		{D9607C4E-9C02-4FDA-A8C0-EBB794D40916}.Debug|Any CPU.ActiveCfg = Debug|Any CPU
		{D9607C4E-9C02-4FDA-A8C0-EBB794D40916}.Debug|Any CPU.Build.0 = Debug|Any CPU
		{D9607C4E-9C02-4FDA-A8C0-EBB794D40916}.Release|Any CPU.ActiveCfg = Release|Any CPU
		{D9607C4E-9C02-4FDA-A8C0-EBB794D40916}.Release|Any CPU.Build.0 = Release|Any CPU
	EndGlobalSection
	GlobalSection(SolutionProperties) = preSolution
		HideSolutionNode = FALSE
	EndGlobalSection
	GlobalSection(ExtensibilityGlobals) = postSolution
		SolutionGuid = {60A6BC2F-755C-44AA-8B69-F4210FA715F1}
	EndGlobalSection
EndGlobal
