
Microsoft Visual Studio Solution File, Format Version 12.00
# Visual Studio Version 17
VisualStudioVersion = 17.6.33723.286
MinimumVisualStudioVersion = 10.0.40219.1
Project("{FAE04EC0-301F-11D3-BF4B-00C04F79EFBC}") = "WebApplication1", "WebApplication1\WebApplication1.csproj", "{2A1CC640-360F-4D62-B864-CC75709345B4}"
EndProject
Global
	GlobalSection(SolutionConfigurationPlatforms) = preSolution
		Debug|Any CPU = Debug|Any CPU
		Release|Any CPU = Release|Any CPU
	EndGlobalSection
	GlobalSection(ProjectConfigurationPlatforms) = postSolution
		{2A1CC640-360F-4D62-B864-CC75709345B4}.Debug|Any CPU.ActiveCfg = Debug|Any CPU
		{2A1CC640-360F-4D62-B864-CC75709345B4}.Debug|Any CPU.Build.0 = Debug|Any CPU
		{2A1CC640-360F-4D62-B864-CC75709345B4}.Release|Any CPU.ActiveCfg = Release|Any CPU
		{2A1CC640-360F-4D62-B864-CC75709345B4}.Release|Any CPU.Build.0 = Release|Any CPU
	EndGlobalSection
	GlobalSection(SolutionProperties) = preSolution
		HideSolutionNode = FALSE
	EndGlobalSection
	GlobalSection(ExtensibilityGlobals) = postSolution
		SolutionGuid = {EA85E799-6065-4E79-9B76-435941193565}
	EndGlobalSection
EndGlobal
