
Microsoft Visual Studio Solution File, Format Version 12.00
# Visual Studio Version 17
VisualStudioVersion = 17.6.33723.286
MinimumVisualStudioVersion = 10.0.40219.1
Project("{FAE04EC0-301F-11D3-BF4B-00C04F79EFBC}") = "EmployeeDetails", "EmployeeDetails\EmployeeDetails.csproj", "{1801DCF7-898B-4A9B-A826-1FF752E7BA97}"
EndProject
Project("{FAE04EC0-301F-11D3-BF4B-00C04F79EFBC}") = "Employee_Repositry", "Employee_Repositry\Employee_Repositry.csproj", "{740F896B-2AEA-483B-913C-5DF4701B5846}"
EndProject
Project("{FAE04EC0-301F-11D3-BF4B-00C04F79EFBC}") = "Employee_Model", "Employee_Model\Employee_Model.csproj", "{C7E4A3A7-A439-45CA-9C90-A105E3D5D849}"
EndProject
Global
	GlobalSection(SolutionConfigurationPlatforms) = preSolution
		Debug|Any CPU = Debug|Any CPU
		Release|Any CPU = Release|Any CPU
	EndGlobalSection
	GlobalSection(ProjectConfigurationPlatforms) = postSolution
		{1801DCF7-898B-4A9B-A826-1FF752E7BA97}.Debug|Any CPU.ActiveCfg = Debug|Any CPU
		{1801DCF7-898B-4A9B-A826-1FF752E7BA97}.Debug|Any CPU.Build.0 = Debug|Any CPU
		{1801DCF7-898B-4A9B-A826-1FF752E7BA97}.Release|Any CPU.ActiveCfg = Release|Any CPU
		{1801DCF7-898B-4A9B-A826-1FF752E7BA97}.Release|Any CPU.Build.0 = Release|Any CPU
		{740F896B-2AEA-483B-913C-5DF4701B5846}.Debug|Any CPU.ActiveCfg = Debug|Any CPU
		{740F896B-2AEA-483B-913C-5DF4701B5846}.Debug|Any CPU.Build.0 = Debug|Any CPU
		{740F896B-2AEA-483B-913C-5DF4701B5846}.Release|Any CPU.ActiveCfg = Release|Any CPU
		{740F896B-2AEA-483B-913C-5DF4701B5846}.Release|Any CPU.Build.0 = Release|Any CPU
		{C7E4A3A7-A439-45CA-9C90-A105E3D5D849}.Debug|Any CPU.ActiveCfg = Debug|Any CPU
		{C7E4A3A7-A439-45CA-9C90-A105E3D5D849}.Debug|Any CPU.Build.0 = Debug|Any CPU
		{C7E4A3A7-A439-45CA-9C90-A105E3D5D849}.Release|Any CPU.ActiveCfg = Release|Any CPU
		{C7E4A3A7-A439-45CA-9C90-A105E3D5D849}.Release|Any CPU.Build.0 = Release|Any CPU
	EndGlobalSection
	GlobalSection(SolutionProperties) = preSolution
		HideSolutionNode = FALSE
	EndGlobalSection
	GlobalSection(ExtensibilityGlobals) = postSolution
		SolutionGuid = {77A932EA-8EFD-434A-873D-868D87251F1C}
	EndGlobalSection
EndGlobal
